# THIS IS AN AUTOGENERATED FILE. DO NOT EDIT THIS FILE DIRECTLY.
# yarn lockfile v1


echarts@^3.4.0:
  version "3.4.0"
  resolved "https://registry.yarnpkg.com/echarts/-/echarts-3.4.0.tgz#425e83be18a70170d2e1a9daf22c75bcd2da58d4"
  dependencies:
    zrender "^3.3.0"

zrender@^3.3.0:
  version "3.3.0"
  resolved "https://registry.yarnpkg.com/zrender/-/zrender-3.3.0.tgz#efb5280b248aa48e3bba8d8f8e5469033a355d26"
